# THIS IS AN AUTOGENERATED FILE. DO NOT EDIT THIS FILE DIRECTLY.
# yarn lockfile v1


tailwindcss@^4.1.4:
  version "4.1.4"
  resolved "https://registry.yarnpkg.com/tailwindcss/-/tailwindcss-4.1.4.tgz#27b3c910c6f1a47f4540451f3faf7cdd6d977a69"
  integrity sha512-1ZIUqtPITFbv/DxRmDr5/agPqJwF69d24m9qmM1939TJehgY539CtzeZRjbLt5G6fSy/7YqqYsfvoTEw9xUI2A==
